
Microsoft Visual Studio Solution File, Format Version 12.00
# Visual Studio Version 17
VisualStudioVersion = 17.5.33424.131
MinimumVisualStudioVersion = 10.0.40219.1
Project("{FAE04EC0-301F-11D3-BF4B-00C04F79EFBC}") = "SauceDemo_Practicing", "SauceDemo_Practicing\SauceDemo_Practicing.csproj", "{8898F119-C683-41E1-BB83-3E7F129CF416}"
EndProject
Global
	GlobalSection(SolutionConfigurationPlatforms) = preSolution
		Debug|Any CPU = Debug|Any CPU
		Release|Any CPU = Release|Any CPU
	EndGlobalSection
	GlobalSection(ProjectConfigurationPlatforms) = postSolution
		{8898F119-C683-41E1-BB83-3E7F129CF416}.Debug|Any CPU.ActiveCfg = Debug|Any CPU
		{8898F119-C683-41E1-BB83-3E7F129CF416}.Debug|Any CPU.Build.0 = Debug|Any CPU
		{8898F119-C683-41E1-BB83-3E7F129CF416}.Release|Any CPU.ActiveCfg = Release|Any CPU
		{8898F119-C683-41E1-BB83-3E7F129CF416}.Release|Any CPU.Build.0 = Release|Any CPU
	EndGlobalSection
	GlobalSection(SolutionProperties) = preSolution
		HideSolutionNode = FALSE
	EndGlobalSection
	GlobalSection(ExtensibilityGlobals) = postSolution
		SolutionGuid = {39D6B90C-2AA1-4A94-9E1D-2461568BA861}
	EndGlobalSection
EndGlobal
